
Microsoft Visual Studio Solution File, Format Version 12.00
# Visual Studio Version 17
VisualStudioVersion = 17.12.35527.113
MinimumVisualStudioVersion = 10.0.40219.1
Project("{2150E333-8FDC-42A3-9474-1A3956D46DE8}") = "common", "common", "{8D5C72AC-7FD0-4F85-B0A3-473DD7FB89E1}"
	ProjectSection(SolutionItems) = preProject
		.editorconfig = .editorconfig
		BACKLOG.md = BACKLOG.md
		README.md = README.md
		REDIS_KEYS.md = REDIS_KEYS.md
	EndProjectSection
EndProject
Project("{2150E333-8FDC-42A3-9474-1A3956D46DE8}") = "src", "src", "{6581D4E0-319E-4EFB-AB3D-A1AF4CA09327}"
EndProject
Project("{2150E333-8FDC-42A3-9474-1A3956D46DE8}") = "tests", "tests", "{E5D7D772-26FC-440C-BC2C-0842209B4902}"
EndProject
Project("{E53339B2-1760-4266-BCC7-CA923CBCF16C}") = "docker-compose", "docker-compose.dcproj", "{2E6D2464-B31B-4041-A0E9-33209C7B76BF}"
EndProject
Project("{2150E333-8FDC-42A3-9474-1A3956D46DE8}") = "Infrastructure", "Infrastructure", "{7AA0956D-5929-4B12-9D07-970EB5BEA207}"
EndProject
Project("{FAE04EC0-301F-11D3-BF4B-00C04F79EFBC}") = "Vertr.Infrastructure.Kafka", "src\Vertr.Infrastructure.Kafka\Vertr.Infrastructure.Kafka.csproj", "{EFCB5BD2-400C-42DF-BCE9-5DBF5B636046}"
EndProject
Project("{2150E333-8FDC-42A3-9474-1A3956D46DE8}") = "Infrastructure", "Infrastructure", "{169A0D2E-EEB1-4C84-B11D-BB3CAF23E758}"
EndProject
Project("{FAE04EC0-301F-11D3-BF4B-00C04F79EFBC}") = "Vertr.Infrastructure.Kafka.Tests", "tests\Vertr.Infrastructure.Kafka.Tests\Vertr.Infrastructure.Kafka.Tests.csproj", "{A2112746-A061-4606-94D6-65E25DFFDA45}"
EndProject
Project("{FAE04EC0-301F-11D3-BF4B-00C04F79EFBC}") = "Vertr.TinvestGateway.Contracts", "src\Vertr.TinvestGateway.Contracts\Vertr.TinvestGateway.Contracts.csproj", "{F4B5941B-E74E-4AA3-B56C-D86C9B7A3798}"
EndProject
Project("{FAE04EC0-301F-11D3-BF4B-00C04F79EFBC}") = "Vertr.PortfolioManager.Contracts", "src\Vertr.PortfolioManager.Contracts\Vertr.PortfolioManager.Contracts.csproj", "{30676A91-8294-4E0B-8E8D-F3A65924AD3D}"
EndProject
Project("{2150E333-8FDC-42A3-9474-1A3956D46DE8}") = "Tinvest", "Tinvest", "{687DD54E-6D20-49E7-A9A6-6B8B62DE5F15}"
EndProject
Project("{FAE04EC0-301F-11D3-BF4B-00C04F79EFBC}") = "Vertr.PortfolioManager.Application", "src\Vertr.PortfolioManager.Application\Vertr.PortfolioManager.Application.csproj", "{E7D05C46-0C91-48D8-9884-3AC5014FBCD7}"
EndProject
Project("{FAE04EC0-301F-11D3-BF4B-00C04F79EFBC}") = "Vertr.PortfolioManager.DataAccess", "src\Vertr.PortfolioManager.DataAccess\Vertr.PortfolioManager.DataAccess.csproj", "{6DE04CA5-D711-4A77-A1DC-CD1784CEA8F2}"
EndProject
Project("{2150E333-8FDC-42A3-9474-1A3956D46DE8}") = "Portfolio", "Portfolio", "{02EA681E-C7D8-13C7-8484-4AC65E1B71E8}"
EndProject
Project("{FAE04EC0-301F-11D3-BF4B-00C04F79EFBC}") = "Vertr.Infrastructure.Pgsql", "src\Vertr.Infrastructure.Pgsql\Vertr.Infrastructure.Pgsql.csproj", "{A0284C92-2161-402E-9AAB-2F73F78751B0}"
EndProject
Project("{FAE04EC0-301F-11D3-BF4B-00C04F79EFBC}") = "Vertr.Infrastructure.Pgsql.Migrations", "src\Vertr.Infrastructure.Pgsql.Migrations\Vertr.Infrastructure.Pgsql.Migrations.csproj", "{07A45660-2DCE-42E5-82C6-6DA7221082E6}"
EndProject
Project("{2150E333-8FDC-42A3-9474-1A3956D46DE8}") = "Orders", "Orders", "{E176B476-0553-4840-B6B6-1C53F84F62EB}"
EndProject
Project("{FAE04EC0-301F-11D3-BF4B-00C04F79EFBC}") = "Vertr.OrderExecution.DataAccess", "src\Vertr.OrderExecution.DataAccess\Vertr.OrderExecution.DataAccess.csproj", "{A039D874-2A53-49E7-8D87-EB3D8EA7D52D}"
EndProject
Project("{FAE04EC0-301F-11D3-BF4B-00C04F79EFBC}") = "Vertr.OrderExecution.Application", "src\Vertr.OrderExecution.Application\Vertr.OrderExecution.Application.csproj", "{9C6547D5-649B-41FE-B44F-11358D3C8D3D}"
EndProject
Project("{FAE04EC0-301F-11D3-BF4B-00C04F79EFBC}") = "Vertr.OrderExecution.Contracts", "src\Vertr.OrderExecution.Contracts\Vertr.OrderExecution.Contracts.csproj", "{8216494A-0364-4AA4-834E-A7E635271DD1}"
EndProject
Project("{2150E333-8FDC-42A3-9474-1A3956D46DE8}") = "MarketData", "MarketData", "{00C85C0F-89D2-4D0B-B93D-C172A3CEE3C2}"
EndProject
Project("{FAE04EC0-301F-11D3-BF4B-00C04F79EFBC}") = "Vertr.MarketData.Contracts", "src\Vertr.MarketData.Contracts\Vertr.MarketData.Contracts.csproj", "{F00791D1-9B57-4190-B360-D0DF67695D47}"
EndProject
Project("{FAE04EC0-301F-11D3-BF4B-00C04F79EFBC}") = "Vertr.MarketData.Application", "src\Vertr.MarketData.Application\Vertr.MarketData.Application.csproj", "{4D9D4E93-3A3B-426A-B059-63AE5DD462F5}"
EndProject
Project("{FAE04EC0-301F-11D3-BF4B-00C04F79EFBC}") = "Vertr.Infrastructure.Redis", "src\Vertr.Infrastructure.Redis\Vertr.Infrastructure.Redis.csproj", "{FA7A2B7F-F6FA-4E66-805D-2B93A4235A10}"
EndProject
Project("{FAE04EC0-301F-11D3-BF4B-00C04F79EFBC}") = "Vertr.Infrastructure.Redis.Tests", "tests\Vertr.Infrastructure.Redis.Tests\Vertr.Infrastructure.Redis.Tests.csproj", "{498AAC79-8764-4061-9F0E-1A9E6DBD0030}"
EndProject
Project("{FAE04EC0-301F-11D3-BF4B-00C04F79EFBC}") = "Vertr.TinvestGateway.Application", "src\Vertr.TinvestGateway.Application\Vertr.TinvestGateway.Application.csproj", "{A89F45E7-83EB-985C-90F4-79E156E28C16}"
EndProject
Project("{FAE04EC0-301F-11D3-BF4B-00C04F79EFBC}") = "Vertr.Platform.Host", "src\Vertr.Platform.Host\Vertr.Platform.Host.csproj", "{9AD11F66-F78C-4E91-A0C4-64FEC65E659E}"
EndProject
Project("{FAE04EC0-301F-11D3-BF4B-00C04F79EFBC}") = "Vertr.Paltform.Tests", "tests\Vertr.Paltform.Tests\Vertr.Paltform.Tests.csproj", "{EAF4A8B2-041A-4666-B0D8-A2AA98EF6F46}"
EndProject
Global
	GlobalSection(SolutionConfigurationPlatforms) = preSolution
		Debug|Any CPU = Debug|Any CPU
		Release|Any CPU = Release|Any CPU
	EndGlobalSection
	GlobalSection(ProjectConfigurationPlatforms) = postSolution
		{2E6D2464-B31B-4041-A0E9-33209C7B76BF}.Debug|Any CPU.ActiveCfg = Debug|Any CPU
		{2E6D2464-B31B-4041-A0E9-33209C7B76BF}.Debug|Any CPU.Build.0 = Debug|Any CPU
		{2E6D2464-B31B-4041-A0E9-33209C7B76BF}.Release|Any CPU.ActiveCfg = Release|Any CPU
		{2E6D2464-B31B-4041-A0E9-33209C7B76BF}.Release|Any CPU.Build.0 = Release|Any CPU
		{EFCB5BD2-400C-42DF-BCE9-5DBF5B636046}.Debug|Any CPU.ActiveCfg = Debug|Any CPU
		{EFCB5BD2-400C-42DF-BCE9-5DBF5B636046}.Debug|Any CPU.Build.0 = Debug|Any CPU
		{EFCB5BD2-400C-42DF-BCE9-5DBF5B636046}.Release|Any CPU.ActiveCfg = Release|Any CPU
		{EFCB5BD2-400C-42DF-BCE9-5DBF5B636046}.Release|Any CPU.Build.0 = Release|Any CPU
		{A2112746-A061-4606-94D6-65E25DFFDA45}.Debug|Any CPU.ActiveCfg = Debug|Any CPU
		{A2112746-A061-4606-94D6-65E25DFFDA45}.Debug|Any CPU.Build.0 = Debug|Any CPU
		{A2112746-A061-4606-94D6-65E25DFFDA45}.Release|Any CPU.ActiveCfg = Release|Any CPU
		{A2112746-A061-4606-94D6-65E25DFFDA45}.Release|Any CPU.Build.0 = Release|Any CPU
		{F4B5941B-E74E-4AA3-B56C-D86C9B7A3798}.Debug|Any CPU.ActiveCfg = Debug|Any CPU
		{F4B5941B-E74E-4AA3-B56C-D86C9B7A3798}.Debug|Any CPU.Build.0 = Debug|Any CPU
		{F4B5941B-E74E-4AA3-B56C-D86C9B7A3798}.Release|Any CPU.ActiveCfg = Release|Any CPU
		{F4B5941B-E74E-4AA3-B56C-D86C9B7A3798}.Release|Any CPU.Build.0 = Release|Any CPU
		{30676A91-8294-4E0B-8E8D-F3A65924AD3D}.Debug|Any CPU.ActiveCfg = Debug|Any CPU
		{30676A91-8294-4E0B-8E8D-F3A65924AD3D}.Debug|Any CPU.Build.0 = Debug|Any CPU
		{30676A91-8294-4E0B-8E8D-F3A65924AD3D}.Release|Any CPU.ActiveCfg = Release|Any CPU
		{30676A91-8294-4E0B-8E8D-F3A65924AD3D}.Release|Any CPU.Build.0 = Release|Any CPU
		{E7D05C46-0C91-48D8-9884-3AC5014FBCD7}.Debug|Any CPU.ActiveCfg = Debug|Any CPU
		{E7D05C46-0C91-48D8-9884-3AC5014FBCD7}.Debug|Any CPU.Build.0 = Debug|Any CPU
		{E7D05C46-0C91-48D8-9884-3AC5014FBCD7}.Release|Any CPU.ActiveCfg = Release|Any CPU
		{E7D05C46-0C91-48D8-9884-3AC5014FBCD7}.Release|Any CPU.Build.0 = Release|Any CPU
		{6DE04CA5-D711-4A77-A1DC-CD1784CEA8F2}.Debug|Any CPU.ActiveCfg = Debug|Any CPU
		{6DE04CA5-D711-4A77-A1DC-CD1784CEA8F2}.Debug|Any CPU.Build.0 = Debug|Any CPU
		{6DE04CA5-D711-4A77-A1DC-CD1784CEA8F2}.Release|Any CPU.ActiveCfg = Release|Any CPU
		{6DE04CA5-D711-4A77-A1DC-CD1784CEA8F2}.Release|Any CPU.Build.0 = Release|Any CPU
		{A0284C92-2161-402E-9AAB-2F73F78751B0}.Debug|Any CPU.ActiveCfg = Debug|Any CPU
		{A0284C92-2161-402E-9AAB-2F73F78751B0}.Debug|Any CPU.Build.0 = Debug|Any CPU
		{A0284C92-2161-402E-9AAB-2F73F78751B0}.Release|Any CPU.ActiveCfg = Release|Any CPU
		{A0284C92-2161-402E-9AAB-2F73F78751B0}.Release|Any CPU.Build.0 = Release|Any CPU
		{07A45660-2DCE-42E5-82C6-6DA7221082E6}.Debug|Any CPU.ActiveCfg = Debug|Any CPU
		{07A45660-2DCE-42E5-82C6-6DA7221082E6}.Debug|Any CPU.Build.0 = Debug|Any CPU
		{07A45660-2DCE-42E5-82C6-6DA7221082E6}.Release|Any CPU.ActiveCfg = Release|Any CPU
		{07A45660-2DCE-42E5-82C6-6DA7221082E6}.Release|Any CPU.Build.0 = Release|Any CPU
		{A039D874-2A53-49E7-8D87-EB3D8EA7D52D}.Debug|Any CPU.ActiveCfg = Debug|Any CPU
		{A039D874-2A53-49E7-8D87-EB3D8EA7D52D}.Debug|Any CPU.Build.0 = Debug|Any CPU
		{A039D874-2A53-49E7-8D87-EB3D8EA7D52D}.Release|Any CPU.ActiveCfg = Release|Any CPU
		{A039D874-2A53-49E7-8D87-EB3D8EA7D52D}.Release|Any CPU.Build.0 = Release|Any CPU
		{9C6547D5-649B-41FE-B44F-11358D3C8D3D}.Debug|Any CPU.ActiveCfg = Debug|Any CPU
		{9C6547D5-649B-41FE-B44F-11358D3C8D3D}.Debug|Any CPU.Build.0 = Debug|Any CPU
		{9C6547D5-649B-41FE-B44F-11358D3C8D3D}.Release|Any CPU.ActiveCfg = Release|Any CPU
		{9C6547D5-649B-41FE-B44F-11358D3C8D3D}.Release|Any CPU.Build.0 = Release|Any CPU
		{8216494A-0364-4AA4-834E-A7E635271DD1}.Debug|Any CPU.ActiveCfg = Debug|Any CPU
		{8216494A-0364-4AA4-834E-A7E635271DD1}.Debug|Any CPU.Build.0 = Debug|Any CPU
		{8216494A-0364-4AA4-834E-A7E635271DD1}.Release|Any CPU.ActiveCfg = Release|Any CPU
		{8216494A-0364-4AA4-834E-A7E635271DD1}.Release|Any CPU.Build.0 = Release|Any CPU
		{F00791D1-9B57-4190-B360-D0DF67695D47}.Debug|Any CPU.ActiveCfg = Debug|Any CPU
		{F00791D1-9B57-4190-B360-D0DF67695D47}.Debug|Any CPU.Build.0 = Debug|Any CPU
		{F00791D1-9B57-4190-B360-D0DF67695D47}.Release|Any CPU.ActiveCfg = Release|Any CPU
		{F00791D1-9B57-4190-B360-D0DF67695D47}.Release|Any CPU.Build.0 = Release|Any CPU
		{4D9D4E93-3A3B-426A-B059-63AE5DD462F5}.Debug|Any CPU.ActiveCfg = Debug|Any CPU
		{4D9D4E93-3A3B-426A-B059-63AE5DD462F5}.Debug|Any CPU.Build.0 = Debug|Any CPU
		{4D9D4E93-3A3B-426A-B059-63AE5DD462F5}.Release|Any CPU.ActiveCfg = Release|Any CPU
		{4D9D4E93-3A3B-426A-B059-63AE5DD462F5}.Release|Any CPU.Build.0 = Release|Any CPU
		{FA7A2B7F-F6FA-4E66-805D-2B93A4235A10}.Debug|Any CPU.ActiveCfg = Debug|Any CPU
		{FA7A2B7F-F6FA-4E66-805D-2B93A4235A10}.Debug|Any CPU.Build.0 = Debug|Any CPU
		{FA7A2B7F-F6FA-4E66-805D-2B93A4235A10}.Release|Any CPU.ActiveCfg = Release|Any CPU
		{FA7A2B7F-F6FA-4E66-805D-2B93A4235A10}.Release|Any CPU.Build.0 = Release|Any CPU
		{498AAC79-8764-4061-9F0E-1A9E6DBD0030}.Debug|Any CPU.ActiveCfg = Debug|Any CPU
		{498AAC79-8764-4061-9F0E-1A9E6DBD0030}.Debug|Any CPU.Build.0 = Debug|Any CPU
		{498AAC79-8764-4061-9F0E-1A9E6DBD0030}.Release|Any CPU.ActiveCfg = Release|Any CPU
		{498AAC79-8764-4061-9F0E-1A9E6DBD0030}.Release|Any CPU.Build.0 = Release|Any CPU
		{A89F45E7-83EB-985C-90F4-79E156E28C16}.Debug|Any CPU.ActiveCfg = Debug|Any CPU
		{A89F45E7-83EB-985C-90F4-79E156E28C16}.Debug|Any CPU.Build.0 = Debug|Any CPU
		{A89F45E7-83EB-985C-90F4-79E156E28C16}.Release|Any CPU.ActiveCfg = Release|Any CPU
		{A89F45E7-83EB-985C-90F4-79E156E28C16}.Release|Any CPU.Build.0 = Release|Any CPU
		{9AD11F66-F78C-4E91-A0C4-64FEC65E659E}.Debug|Any CPU.ActiveCfg = Debug|Any CPU
		{9AD11F66-F78C-4E91-A0C4-64FEC65E659E}.Debug|Any CPU.Build.0 = Debug|Any CPU
		{9AD11F66-F78C-4E91-A0C4-64FEC65E659E}.Release|Any CPU.ActiveCfg = Release|Any CPU
		{9AD11F66-F78C-4E91-A0C4-64FEC65E659E}.Release|Any CPU.Build.0 = Release|Any CPU
		{EAF4A8B2-041A-4666-B0D8-A2AA98EF6F46}.Debug|Any CPU.ActiveCfg = Debug|Any CPU
		{EAF4A8B2-041A-4666-B0D8-A2AA98EF6F46}.Debug|Any CPU.Build.0 = Debug|Any CPU
		{EAF4A8B2-041A-4666-B0D8-A2AA98EF6F46}.Release|Any CPU.ActiveCfg = Release|Any CPU
		{EAF4A8B2-041A-4666-B0D8-A2AA98EF6F46}.Release|Any CPU.Build.0 = Release|Any CPU
	EndGlobalSection
	GlobalSection(SolutionProperties) = preSolution
		HideSolutionNode = FALSE
	EndGlobalSection
	GlobalSection(NestedProjects) = preSolution
		{2E6D2464-B31B-4041-A0E9-33209C7B76BF} = {7AA0956D-5929-4B12-9D07-970EB5BEA207}
		{7AA0956D-5929-4B12-9D07-970EB5BEA207} = {6581D4E0-319E-4EFB-AB3D-A1AF4CA09327}
		{EFCB5BD2-400C-42DF-BCE9-5DBF5B636046} = {7AA0956D-5929-4B12-9D07-970EB5BEA207}
		{169A0D2E-EEB1-4C84-B11D-BB3CAF23E758} = {E5D7D772-26FC-440C-BC2C-0842209B4902}
		{A2112746-A061-4606-94D6-65E25DFFDA45} = {169A0D2E-EEB1-4C84-B11D-BB3CAF23E758}
		{F4B5941B-E74E-4AA3-B56C-D86C9B7A3798} = {687DD54E-6D20-49E7-A9A6-6B8B62DE5F15}
		{30676A91-8294-4E0B-8E8D-F3A65924AD3D} = {02EA681E-C7D8-13C7-8484-4AC65E1B71E8}
		{687DD54E-6D20-49E7-A9A6-6B8B62DE5F15} = {6581D4E0-319E-4EFB-AB3D-A1AF4CA09327}
		{E7D05C46-0C91-48D8-9884-3AC5014FBCD7} = {02EA681E-C7D8-13C7-8484-4AC65E1B71E8}
		{6DE04CA5-D711-4A77-A1DC-CD1784CEA8F2} = {02EA681E-C7D8-13C7-8484-4AC65E1B71E8}
		{02EA681E-C7D8-13C7-8484-4AC65E1B71E8} = {6581D4E0-319E-4EFB-AB3D-A1AF4CA09327}
		{A0284C92-2161-402E-9AAB-2F73F78751B0} = {7AA0956D-5929-4B12-9D07-970EB5BEA207}
		{07A45660-2DCE-42E5-82C6-6DA7221082E6} = {7AA0956D-5929-4B12-9D07-970EB5BEA207}
		{E176B476-0553-4840-B6B6-1C53F84F62EB} = {6581D4E0-319E-4EFB-AB3D-A1AF4CA09327}
		{A039D874-2A53-49E7-8D87-EB3D8EA7D52D} = {E176B476-0553-4840-B6B6-1C53F84F62EB}
		{9C6547D5-649B-41FE-B44F-11358D3C8D3D} = {E176B476-0553-4840-B6B6-1C53F84F62EB}
		{8216494A-0364-4AA4-834E-A7E635271DD1} = {E176B476-0553-4840-B6B6-1C53F84F62EB}
		{00C85C0F-89D2-4D0B-B93D-C172A3CEE3C2} = {6581D4E0-319E-4EFB-AB3D-A1AF4CA09327}
		{F00791D1-9B57-4190-B360-D0DF67695D47} = {00C85C0F-89D2-4D0B-B93D-C172A3CEE3C2}
		{4D9D4E93-3A3B-426A-B059-63AE5DD462F5} = {00C85C0F-89D2-4D0B-B93D-C172A3CEE3C2}
		{FA7A2B7F-F6FA-4E66-805D-2B93A4235A10} = {7AA0956D-5929-4B12-9D07-970EB5BEA207}
		{498AAC79-8764-4061-9F0E-1A9E6DBD0030} = {169A0D2E-EEB1-4C84-B11D-BB3CAF23E758}
		{A89F45E7-83EB-985C-90F4-79E156E28C16} = {687DD54E-6D20-49E7-A9A6-6B8B62DE5F15}
		{9AD11F66-F78C-4E91-A0C4-64FEC65E659E} = {6581D4E0-319E-4EFB-AB3D-A1AF4CA09327}
		{EAF4A8B2-041A-4666-B0D8-A2AA98EF6F46} = {E5D7D772-26FC-440C-BC2C-0842209B4902}
	EndGlobalSection
	GlobalSection(ExtensibilityGlobals) = postSolution
		SolutionGuid = {A1B9B33B-174C-4543-8F55-9B7AD3D746C2}
	EndGlobalSection
EndGlobal
