
Microsoft Visual Studio Solution File, Format Version 12.00
# Visual Studio Version 17
VisualStudioVersion = 17.12.35527.113
MinimumVisualStudioVersion = 10.0.40219.1
Project("{2150E333-8FDC-42A3-9474-1A3956D46DE8}") = "common", "common", "{8D5C72AC-7FD0-4F85-B0A3-473DD7FB89E1}"
	ProjectSection(SolutionItems) = preProject
		.editorconfig = .editorconfig
		BACKLOG.md = BACKLOG.md
		README.md = README.md
	EndProjectSection
EndProject
Project("{2150E333-8FDC-42A3-9474-1A3956D46DE8}") = "src", "src", "{6581D4E0-319E-4EFB-AB3D-A1AF4CA09327}"
EndProject
Project("{2150E333-8FDC-42A3-9474-1A3956D46DE8}") = "tests", "tests", "{E5D7D772-26FC-440C-BC2C-0842209B4902}"
EndProject
Project("{FAE04EC0-301F-11D3-BF4B-00C04F79EFBC}") = "Vertr.Adapters.Tinvest", "src\Vertr.Adapters.Tinvest\Vertr.Adapters.Tinvest.csproj", "{98019A54-EC55-44A6-A535-BCB3EA6B0A78}"
EndProject
Project("{FAE04EC0-301F-11D3-BF4B-00C04F79EFBC}") = "Vertr.Adapters.Tinvest.Tests", "tests\Vertr.Adapters.Tinvest.Tests\Vertr.Adapters.Tinvest.Tests.csproj", "{C6A67A51-DAE9-4758-8C51-9431F3506959}"
EndProject
Project("{FAE04EC0-301F-11D3-BF4B-00C04F79EFBC}") = "Vertr.Domain", "src\Vertr.Domain\Vertr.Domain.csproj", "{9E791279-C698-470F-A8D6-36289BC9F685}"
EndProject
Project("{FAE04EC0-301F-11D3-BF4B-00C04F79EFBC}") = "Vertr.Adapters.DataAccess", "src\Vertr.Adapters.DataAccess\Vertr.Adapters.DataAccess.csproj", "{1E9DE730-DAF4-4C09-B2CD-34E8A880C7F7}"
EndProject
Project("{FAE04EC0-301F-11D3-BF4B-00C04F79EFBC}") = "Vertr.Adapters.DataAccess.Tests", "tests\Vertr.Adapters.DataAccess.Tests\Vertr.Adapters.DataAccess.Tests.csproj", "{4722DB67-3D72-4B6B-BBE6-80CD356BBDA0}"
EndProject
Project("{FAE04EC0-301F-11D3-BF4B-00C04F79EFBC}") = "Vertr.Server", "src\Vertr.Server\Vertr.Server.csproj", "{881D631F-A117-410C-AC89-8A3788A10591}"
EndProject
Project("{FAE04EC0-301F-11D3-BF4B-00C04F79EFBC}") = "Vertr.Application", "src\Vertr.Application\Vertr.Application.csproj", "{7DC851F1-31F8-47FD-AD10-C24EAC772A11}"
EndProject
Project("{FAE04EC0-301F-11D3-BF4B-00C04F79EFBC}") = "Vertr.Application.Tests", "tests\Vertr.Application.Tests\Vertr.Application.Tests.csproj", "{93F12324-95E6-4407-9F94-42F097C9A8D5}"
EndProject
Project("{E53339B2-1760-4266-BCC7-CA923CBCF16C}") = "docker-compose", "docker-compose.dcproj", "{2E6D2464-B31B-4041-A0E9-33209C7B76BF}"
EndProject
Project("{FAE04EC0-301F-11D3-BF4B-00C04F79EFBC}") = "Vertr.Adapters.Prediction", "src\Vertr.Adapters.Prediction\Vertr.Adapters.Prediction.csproj", "{614858B8-2981-4C30-94DA-B128F680DD1F}"
EndProject
Project("{FAE04EC0-301F-11D3-BF4B-00C04F79EFBC}") = "Vertr.Adapters.Prediction.Tests", "tests\Vertr.Adapters.Prediction.Tests\Vertr.Adapters.Prediction.Tests.csproj", "{9373B311-99B6-4FEA-9DC0-7C19F327D7C3}"
EndProject
Project("{FAE04EC0-301F-11D3-BF4B-00C04F79EFBC}") = "Vertr.Domain.Tests", "tests\Vertr.Domain.Tests\Vertr.Domain.Tests.csproj", "{325E547F-20E3-4ADF-A6AF-B5DB2E93FA47}"
EndProject
Project("{2150E333-8FDC-42A3-9474-1A3956D46DE8}") = "Infrastructure", "Infrastructure", "{7AA0956D-5929-4B12-9D07-970EB5BEA207}"
EndProject
Project("{FAE04EC0-301F-11D3-BF4B-00C04F79EFBC}") = "Vertr.Infrastructure.Kafka", "src\Vertr.Infrastructure.Kafka\Vertr.Infrastructure.Kafka.csproj", "{EFCB5BD2-400C-42DF-BCE9-5DBF5B636046}"
EndProject
Project("{2150E333-8FDC-42A3-9474-1A3956D46DE8}") = "Infrastructure", "Infrastructure", "{169A0D2E-EEB1-4C84-B11D-BB3CAF23E758}"
EndProject
Project("{FAE04EC0-301F-11D3-BF4B-00C04F79EFBC}") = "Vertr.TinvestGateway", "src\Vertr.TinvestGateway\Vertr.TinvestGateway.csproj", "{B3C2B9DA-FE58-478E-BEA9-2B1269BCDBE1}"
EndProject
Project("{FAE04EC0-301F-11D3-BF4B-00C04F79EFBC}") = "Vertr.Infrastructure.Kafka.Tests", "tests\Vertr.Infrastructure.Kafka.Tests\Vertr.Infrastructure.Kafka.Tests.csproj", "{A2112746-A061-4606-94D6-65E25DFFDA45}"
EndProject
Project("{FAE04EC0-301F-11D3-BF4B-00C04F79EFBC}") = "Vertr.TinvestGateway.Contracts", "src\Vertr.TinvestGateway.Contracts\Vertr.TinvestGateway.Contracts.csproj", "{F4B5941B-E74E-4AA3-B56C-D86C9B7A3798}"
EndProject
Project("{FAE04EC0-301F-11D3-BF4B-00C04F79EFBC}") = "Vertr.TinvestGateway.Tests", "tests\Vertr.TinvestGateway.Tests\Vertr.TinvestGateway.Tests.csproj", "{1AF1BA38-D7F7-4DAC-95D2-97E0D25B3A3C}"
EndProject
Project("{FAE04EC0-301F-11D3-BF4B-00C04F79EFBC}") = "Vertr.PortfolioManager", "src\Vertr.PortfolioManager\Vertr.PortfolioManager.csproj", "{461E336A-E028-4AA8-8EC7-818C4F50D4B1}"
EndProject
Project("{FAE04EC0-301F-11D3-BF4B-00C04F79EFBC}") = "Vertr.PortfolioManager.Contracts", "src\Vertr.PortfolioManager.Contracts\Vertr.PortfolioManager.Contracts.csproj", "{30676A91-8294-4E0B-8E8D-F3A65924AD3D}"
EndProject
Project("{2150E333-8FDC-42A3-9474-1A3956D46DE8}") = "Tinvest", "Tinvest", "{687DD54E-6D20-49E7-A9A6-6B8B62DE5F15}"
EndProject
Project("{FAE04EC0-301F-11D3-BF4B-00C04F79EFBC}") = "Vertr.PortfolioManager.Application", "src\Vertr.PortfolioManager.Application\Vertr.PortfolioManager.Application.csproj", "{E7D05C46-0C91-48D8-9884-3AC5014FBCD7}"
EndProject
Project("{FAE04EC0-301F-11D3-BF4B-00C04F79EFBC}") = "Vertr.PortfolioManager.DataAccess", "src\Vertr.PortfolioManager.DataAccess\Vertr.PortfolioManager.DataAccess.csproj", "{6DE04CA5-D711-4A77-A1DC-CD1784CEA8F2}"
EndProject
Project("{2150E333-8FDC-42A3-9474-1A3956D46DE8}") = "Portfolio", "Portfolio", "{02EA681E-C7D8-13C7-8484-4AC65E1B71E8}"
EndProject
Project("{FAE04EC0-301F-11D3-BF4B-00C04F79EFBC}") = "Vertr.Infrastructure.Pgsql", "src\Vertr.Infrastructure.Pgsql\Vertr.Infrastructure.Pgsql.csproj", "{A0284C92-2161-402E-9AAB-2F73F78751B0}"
EndProject
Project("{FAE04EC0-301F-11D3-BF4B-00C04F79EFBC}") = "Vertr.Infrastructure.Pgsql.Migrations", "src\Vertr.Infrastructure.Pgsql.Migrations\Vertr.Infrastructure.Pgsql.Migrations.csproj", "{07A45660-2DCE-42E5-82C6-6DA7221082E6}"
EndProject
Project("{FAE04EC0-301F-11D3-BF4B-00C04F79EFBC}") = "Vertr.OrderExecution", "src\Vertr.OrderExecution\Vertr.OrderExecution.csproj", "{8D4E02A7-CF0A-416D-9ECF-485F84B28685}"
EndProject
Project("{2150E333-8FDC-42A3-9474-1A3956D46DE8}") = "Orders", "Orders", "{E176B476-0553-4840-B6B6-1C53F84F62EB}"
EndProject
Project("{FAE04EC0-301F-11D3-BF4B-00C04F79EFBC}") = "Vertr.OrderExecution.DataAccess", "src\Vertr.OrderExecution.DataAccess\Vertr.OrderExecution.DataAccess.csproj", "{A039D874-2A53-49E7-8D87-EB3D8EA7D52D}"
EndProject
Project("{FAE04EC0-301F-11D3-BF4B-00C04F79EFBC}") = "Vertr.OrderExecution.Application", "src\Vertr.OrderExecution.Application\Vertr.OrderExecution.Application.csproj", "{9C6547D5-649B-41FE-B44F-11358D3C8D3D}"
EndProject
Project("{FAE04EC0-301F-11D3-BF4B-00C04F79EFBC}") = "Vertr.OrderExecution.Contracts", "src\Vertr.OrderExecution.Contracts\Vertr.OrderExecution.Contracts.csproj", "{8216494A-0364-4AA4-834E-A7E635271DD1}"
EndProject
Project("{2150E333-8FDC-42A3-9474-1A3956D46DE8}") = "MarketData", "MarketData", "{00C85C0F-89D2-4D0B-B93D-C172A3CEE3C2}"
EndProject
Project("{FAE04EC0-301F-11D3-BF4B-00C04F79EFBC}") = "Vertr.MarketData", "src\Vertr.MarketData\Vertr.MarketData.csproj", "{D8CB71D7-F0A1-48D2-9E7E-493D0C0DF79B}"
EndProject
Project("{FAE04EC0-301F-11D3-BF4B-00C04F79EFBC}") = "Vertr.MarketData.Contracts", "src\Vertr.MarketData.Contracts\Vertr.MarketData.Contracts.csproj", "{F00791D1-9B57-4190-B360-D0DF67695D47}"
EndProject
Project("{FAE04EC0-301F-11D3-BF4B-00C04F79EFBC}") = "Vertr.MarketData.Application", "src\Vertr.MarketData.Application\Vertr.MarketData.Application.csproj", "{4D9D4E93-3A3B-426A-B059-63AE5DD462F5}"
EndProject
Project("{FAE04EC0-301F-11D3-BF4B-00C04F79EFBC}") = "Vertr.MarketData.DataAccess", "src\Vertr.MarketData.DataAccess\Vertr.MarketData.DataAccess.csproj", "{C534570F-C1F9-4BCE-97F9-2F817BCC6394}"
EndProject
Project("{FAE04EC0-301F-11D3-BF4B-00C04F79EFBC}") = "Vertr.Infrastructure.Redis", "src\Vertr.Infrastructure.Redis\Vertr.Infrastructure.Redis.csproj", "{FA7A2B7F-F6FA-4E66-805D-2B93A4235A10}"
EndProject
Project("{FAE04EC0-301F-11D3-BF4B-00C04F79EFBC}") = "Vertr.Infrastructure.Redis.Tests", "tests\Vertr.Infrastructure.Redis.Tests\Vertr.Infrastructure.Redis.Tests.csproj", "{498AAC79-8764-4061-9F0E-1A9E6DBD0030}"
EndProject
Project("{FAE04EC0-301F-11D3-BF4B-00C04F79EFBC}") = "Vertr.TinvestGateway.Application", "..\Vertr.TinvestGateway.Application\Vertr.TinvestGateway.Application.csproj", "{B224EA84-2E18-4D59-A369-23D5169367EE}"
EndProject
Global
	GlobalSection(SolutionConfigurationPlatforms) = preSolution
		Debug|Any CPU = Debug|Any CPU
		Release|Any CPU = Release|Any CPU
	EndGlobalSection
	GlobalSection(ProjectConfigurationPlatforms) = postSolution
		{98019A54-EC55-44A6-A535-BCB3EA6B0A78}.Debug|Any CPU.ActiveCfg = Debug|Any CPU
		{98019A54-EC55-44A6-A535-BCB3EA6B0A78}.Debug|Any CPU.Build.0 = Debug|Any CPU
		{98019A54-EC55-44A6-A535-BCB3EA6B0A78}.Release|Any CPU.ActiveCfg = Release|Any CPU
		{98019A54-EC55-44A6-A535-BCB3EA6B0A78}.Release|Any CPU.Build.0 = Release|Any CPU
		{C6A67A51-DAE9-4758-8C51-9431F3506959}.Debug|Any CPU.ActiveCfg = Debug|Any CPU
		{C6A67A51-DAE9-4758-8C51-9431F3506959}.Debug|Any CPU.Build.0 = Debug|Any CPU
		{C6A67A51-DAE9-4758-8C51-9431F3506959}.Release|Any CPU.ActiveCfg = Release|Any CPU
		{C6A67A51-DAE9-4758-8C51-9431F3506959}.Release|Any CPU.Build.0 = Release|Any CPU
		{9E791279-C698-470F-A8D6-36289BC9F685}.Debug|Any CPU.ActiveCfg = Debug|Any CPU
		{9E791279-C698-470F-A8D6-36289BC9F685}.Debug|Any CPU.Build.0 = Debug|Any CPU
		{9E791279-C698-470F-A8D6-36289BC9F685}.Release|Any CPU.ActiveCfg = Release|Any CPU
		{9E791279-C698-470F-A8D6-36289BC9F685}.Release|Any CPU.Build.0 = Release|Any CPU
		{1E9DE730-DAF4-4C09-B2CD-34E8A880C7F7}.Debug|Any CPU.ActiveCfg = Debug|Any CPU
		{1E9DE730-DAF4-4C09-B2CD-34E8A880C7F7}.Debug|Any CPU.Build.0 = Debug|Any CPU
		{1E9DE730-DAF4-4C09-B2CD-34E8A880C7F7}.Release|Any CPU.ActiveCfg = Release|Any CPU
		{1E9DE730-DAF4-4C09-B2CD-34E8A880C7F7}.Release|Any CPU.Build.0 = Release|Any CPU
		{4722DB67-3D72-4B6B-BBE6-80CD356BBDA0}.Debug|Any CPU.ActiveCfg = Debug|Any CPU
		{4722DB67-3D72-4B6B-BBE6-80CD356BBDA0}.Debug|Any CPU.Build.0 = Debug|Any CPU
		{4722DB67-3D72-4B6B-BBE6-80CD356BBDA0}.Release|Any CPU.ActiveCfg = Release|Any CPU
		{4722DB67-3D72-4B6B-BBE6-80CD356BBDA0}.Release|Any CPU.Build.0 = Release|Any CPU
		{881D631F-A117-410C-AC89-8A3788A10591}.Debug|Any CPU.ActiveCfg = Debug|Any CPU
		{881D631F-A117-410C-AC89-8A3788A10591}.Debug|Any CPU.Build.0 = Debug|Any CPU
		{881D631F-A117-410C-AC89-8A3788A10591}.Release|Any CPU.ActiveCfg = Release|Any CPU
		{881D631F-A117-410C-AC89-8A3788A10591}.Release|Any CPU.Build.0 = Release|Any CPU
		{7DC851F1-31F8-47FD-AD10-C24EAC772A11}.Debug|Any CPU.ActiveCfg = Debug|Any CPU
		{7DC851F1-31F8-47FD-AD10-C24EAC772A11}.Debug|Any CPU.Build.0 = Debug|Any CPU
		{7DC851F1-31F8-47FD-AD10-C24EAC772A11}.Release|Any CPU.ActiveCfg = Release|Any CPU
		{7DC851F1-31F8-47FD-AD10-C24EAC772A11}.Release|Any CPU.Build.0 = Release|Any CPU
		{93F12324-95E6-4407-9F94-42F097C9A8D5}.Debug|Any CPU.ActiveCfg = Debug|Any CPU
		{93F12324-95E6-4407-9F94-42F097C9A8D5}.Debug|Any CPU.Build.0 = Debug|Any CPU
		{93F12324-95E6-4407-9F94-42F097C9A8D5}.Release|Any CPU.ActiveCfg = Release|Any CPU
		{93F12324-95E6-4407-9F94-42F097C9A8D5}.Release|Any CPU.Build.0 = Release|Any CPU
		{2E6D2464-B31B-4041-A0E9-33209C7B76BF}.Debug|Any CPU.ActiveCfg = Debug|Any CPU
		{2E6D2464-B31B-4041-A0E9-33209C7B76BF}.Debug|Any CPU.Build.0 = Debug|Any CPU
		{2E6D2464-B31B-4041-A0E9-33209C7B76BF}.Release|Any CPU.ActiveCfg = Release|Any CPU
		{2E6D2464-B31B-4041-A0E9-33209C7B76BF}.Release|Any CPU.Build.0 = Release|Any CPU
		{614858B8-2981-4C30-94DA-B128F680DD1F}.Debug|Any CPU.ActiveCfg = Debug|Any CPU
		{614858B8-2981-4C30-94DA-B128F680DD1F}.Debug|Any CPU.Build.0 = Debug|Any CPU
		{614858B8-2981-4C30-94DA-B128F680DD1F}.Release|Any CPU.ActiveCfg = Release|Any CPU
		{614858B8-2981-4C30-94DA-B128F680DD1F}.Release|Any CPU.Build.0 = Release|Any CPU
		{9373B311-99B6-4FEA-9DC0-7C19F327D7C3}.Debug|Any CPU.ActiveCfg = Debug|Any CPU
		{9373B311-99B6-4FEA-9DC0-7C19F327D7C3}.Debug|Any CPU.Build.0 = Debug|Any CPU
		{9373B311-99B6-4FEA-9DC0-7C19F327D7C3}.Release|Any CPU.ActiveCfg = Release|Any CPU
		{9373B311-99B6-4FEA-9DC0-7C19F327D7C3}.Release|Any CPU.Build.0 = Release|Any CPU
		{325E547F-20E3-4ADF-A6AF-B5DB2E93FA47}.Debug|Any CPU.ActiveCfg = Debug|Any CPU
		{325E547F-20E3-4ADF-A6AF-B5DB2E93FA47}.Debug|Any CPU.Build.0 = Debug|Any CPU
		{325E547F-20E3-4ADF-A6AF-B5DB2E93FA47}.Release|Any CPU.ActiveCfg = Release|Any CPU
		{325E547F-20E3-4ADF-A6AF-B5DB2E93FA47}.Release|Any CPU.Build.0 = Release|Any CPU
		{EFCB5BD2-400C-42DF-BCE9-5DBF5B636046}.Debug|Any CPU.ActiveCfg = Debug|Any CPU
		{EFCB5BD2-400C-42DF-BCE9-5DBF5B636046}.Debug|Any CPU.Build.0 = Debug|Any CPU
		{EFCB5BD2-400C-42DF-BCE9-5DBF5B636046}.Release|Any CPU.ActiveCfg = Release|Any CPU
		{EFCB5BD2-400C-42DF-BCE9-5DBF5B636046}.Release|Any CPU.Build.0 = Release|Any CPU
		{B3C2B9DA-FE58-478E-BEA9-2B1269BCDBE1}.Debug|Any CPU.ActiveCfg = Debug|Any CPU
		{B3C2B9DA-FE58-478E-BEA9-2B1269BCDBE1}.Debug|Any CPU.Build.0 = Debug|Any CPU
		{B3C2B9DA-FE58-478E-BEA9-2B1269BCDBE1}.Release|Any CPU.ActiveCfg = Release|Any CPU
		{B3C2B9DA-FE58-478E-BEA9-2B1269BCDBE1}.Release|Any CPU.Build.0 = Release|Any CPU
		{A2112746-A061-4606-94D6-65E25DFFDA45}.Debug|Any CPU.ActiveCfg = Debug|Any CPU
		{A2112746-A061-4606-94D6-65E25DFFDA45}.Debug|Any CPU.Build.0 = Debug|Any CPU
		{A2112746-A061-4606-94D6-65E25DFFDA45}.Release|Any CPU.ActiveCfg = Release|Any CPU
		{A2112746-A061-4606-94D6-65E25DFFDA45}.Release|Any CPU.Build.0 = Release|Any CPU
		{F4B5941B-E74E-4AA3-B56C-D86C9B7A3798}.Debug|Any CPU.ActiveCfg = Debug|Any CPU
		{F4B5941B-E74E-4AA3-B56C-D86C9B7A3798}.Debug|Any CPU.Build.0 = Debug|Any CPU
		{F4B5941B-E74E-4AA3-B56C-D86C9B7A3798}.Release|Any CPU.ActiveCfg = Release|Any CPU
		{F4B5941B-E74E-4AA3-B56C-D86C9B7A3798}.Release|Any CPU.Build.0 = Release|Any CPU
		{1AF1BA38-D7F7-4DAC-95D2-97E0D25B3A3C}.Debug|Any CPU.ActiveCfg = Debug|Any CPU
		{1AF1BA38-D7F7-4DAC-95D2-97E0D25B3A3C}.Debug|Any CPU.Build.0 = Debug|Any CPU
		{1AF1BA38-D7F7-4DAC-95D2-97E0D25B3A3C}.Release|Any CPU.ActiveCfg = Release|Any CPU
		{1AF1BA38-D7F7-4DAC-95D2-97E0D25B3A3C}.Release|Any CPU.Build.0 = Release|Any CPU
		{461E336A-E028-4AA8-8EC7-818C4F50D4B1}.Debug|Any CPU.ActiveCfg = Debug|Any CPU
		{461E336A-E028-4AA8-8EC7-818C4F50D4B1}.Debug|Any CPU.Build.0 = Debug|Any CPU
		{461E336A-E028-4AA8-8EC7-818C4F50D4B1}.Release|Any CPU.ActiveCfg = Release|Any CPU
		{461E336A-E028-4AA8-8EC7-818C4F50D4B1}.Release|Any CPU.Build.0 = Release|Any CPU
		{30676A91-8294-4E0B-8E8D-F3A65924AD3D}.Debug|Any CPU.ActiveCfg = Debug|Any CPU
		{30676A91-8294-4E0B-8E8D-F3A65924AD3D}.Debug|Any CPU.Build.0 = Debug|Any CPU
		{30676A91-8294-4E0B-8E8D-F3A65924AD3D}.Release|Any CPU.ActiveCfg = Release|Any CPU
		{30676A91-8294-4E0B-8E8D-F3A65924AD3D}.Release|Any CPU.Build.0 = Release|Any CPU
		{E7D05C46-0C91-48D8-9884-3AC5014FBCD7}.Debug|Any CPU.ActiveCfg = Debug|Any CPU
		{E7D05C46-0C91-48D8-9884-3AC5014FBCD7}.Debug|Any CPU.Build.0 = Debug|Any CPU
		{E7D05C46-0C91-48D8-9884-3AC5014FBCD7}.Release|Any CPU.ActiveCfg = Release|Any CPU
		{E7D05C46-0C91-48D8-9884-3AC5014FBCD7}.Release|Any CPU.Build.0 = Release|Any CPU
		{6DE04CA5-D711-4A77-A1DC-CD1784CEA8F2}.Debug|Any CPU.ActiveCfg = Debug|Any CPU
		{6DE04CA5-D711-4A77-A1DC-CD1784CEA8F2}.Debug|Any CPU.Build.0 = Debug|Any CPU
		{6DE04CA5-D711-4A77-A1DC-CD1784CEA8F2}.Release|Any CPU.ActiveCfg = Release|Any CPU
		{6DE04CA5-D711-4A77-A1DC-CD1784CEA8F2}.Release|Any CPU.Build.0 = Release|Any CPU
		{A0284C92-2161-402E-9AAB-2F73F78751B0}.Debug|Any CPU.ActiveCfg = Debug|Any CPU
		{A0284C92-2161-402E-9AAB-2F73F78751B0}.Debug|Any CPU.Build.0 = Debug|Any CPU
		{A0284C92-2161-402E-9AAB-2F73F78751B0}.Release|Any CPU.ActiveCfg = Release|Any CPU
		{A0284C92-2161-402E-9AAB-2F73F78751B0}.Release|Any CPU.Build.0 = Release|Any CPU
		{07A45660-2DCE-42E5-82C6-6DA7221082E6}.Debug|Any CPU.ActiveCfg = Debug|Any CPU
		{07A45660-2DCE-42E5-82C6-6DA7221082E6}.Debug|Any CPU.Build.0 = Debug|Any CPU
		{07A45660-2DCE-42E5-82C6-6DA7221082E6}.Release|Any CPU.ActiveCfg = Release|Any CPU
		{07A45660-2DCE-42E5-82C6-6DA7221082E6}.Release|Any CPU.Build.0 = Release|Any CPU
		{8D4E02A7-CF0A-416D-9ECF-485F84B28685}.Debug|Any CPU.ActiveCfg = Debug|Any CPU
		{8D4E02A7-CF0A-416D-9ECF-485F84B28685}.Debug|Any CPU.Build.0 = Debug|Any CPU
		{8D4E02A7-CF0A-416D-9ECF-485F84B28685}.Release|Any CPU.ActiveCfg = Release|Any CPU
		{8D4E02A7-CF0A-416D-9ECF-485F84B28685}.Release|Any CPU.Build.0 = Release|Any CPU
		{A039D874-2A53-49E7-8D87-EB3D8EA7D52D}.Debug|Any CPU.ActiveCfg = Debug|Any CPU
		{A039D874-2A53-49E7-8D87-EB3D8EA7D52D}.Debug|Any CPU.Build.0 = Debug|Any CPU
		{A039D874-2A53-49E7-8D87-EB3D8EA7D52D}.Release|Any CPU.ActiveCfg = Release|Any CPU
		{A039D874-2A53-49E7-8D87-EB3D8EA7D52D}.Release|Any CPU.Build.0 = Release|Any CPU
		{9C6547D5-649B-41FE-B44F-11358D3C8D3D}.Debug|Any CPU.ActiveCfg = Debug|Any CPU
		{9C6547D5-649B-41FE-B44F-11358D3C8D3D}.Debug|Any CPU.Build.0 = Debug|Any CPU
		{9C6547D5-649B-41FE-B44F-11358D3C8D3D}.Release|Any CPU.ActiveCfg = Release|Any CPU
		{9C6547D5-649B-41FE-B44F-11358D3C8D3D}.Release|Any CPU.Build.0 = Release|Any CPU
		{8216494A-0364-4AA4-834E-A7E635271DD1}.Debug|Any CPU.ActiveCfg = Debug|Any CPU
		{8216494A-0364-4AA4-834E-A7E635271DD1}.Debug|Any CPU.Build.0 = Debug|Any CPU
		{8216494A-0364-4AA4-834E-A7E635271DD1}.Release|Any CPU.ActiveCfg = Release|Any CPU
		{8216494A-0364-4AA4-834E-A7E635271DD1}.Release|Any CPU.Build.0 = Release|Any CPU
		{D8CB71D7-F0A1-48D2-9E7E-493D0C0DF79B}.Debug|Any CPU.ActiveCfg = Debug|Any CPU
		{D8CB71D7-F0A1-48D2-9E7E-493D0C0DF79B}.Debug|Any CPU.Build.0 = Debug|Any CPU
		{D8CB71D7-F0A1-48D2-9E7E-493D0C0DF79B}.Release|Any CPU.ActiveCfg = Release|Any CPU
		{D8CB71D7-F0A1-48D2-9E7E-493D0C0DF79B}.Release|Any CPU.Build.0 = Release|Any CPU
		{F00791D1-9B57-4190-B360-D0DF67695D47}.Debug|Any CPU.ActiveCfg = Debug|Any CPU
		{F00791D1-9B57-4190-B360-D0DF67695D47}.Debug|Any CPU.Build.0 = Debug|Any CPU
		{F00791D1-9B57-4190-B360-D0DF67695D47}.Release|Any CPU.ActiveCfg = Release|Any CPU
		{F00791D1-9B57-4190-B360-D0DF67695D47}.Release|Any CPU.Build.0 = Release|Any CPU
		{4D9D4E93-3A3B-426A-B059-63AE5DD462F5}.Debug|Any CPU.ActiveCfg = Debug|Any CPU
		{4D9D4E93-3A3B-426A-B059-63AE5DD462F5}.Debug|Any CPU.Build.0 = Debug|Any CPU
		{4D9D4E93-3A3B-426A-B059-63AE5DD462F5}.Release|Any CPU.ActiveCfg = Release|Any CPU
		{4D9D4E93-3A3B-426A-B059-63AE5DD462F5}.Release|Any CPU.Build.0 = Release|Any CPU
		{C534570F-C1F9-4BCE-97F9-2F817BCC6394}.Debug|Any CPU.ActiveCfg = Debug|Any CPU
		{C534570F-C1F9-4BCE-97F9-2F817BCC6394}.Debug|Any CPU.Build.0 = Debug|Any CPU
		{C534570F-C1F9-4BCE-97F9-2F817BCC6394}.Release|Any CPU.ActiveCfg = Release|Any CPU
		{C534570F-C1F9-4BCE-97F9-2F817BCC6394}.Release|Any CPU.Build.0 = Release|Any CPU
		{FA7A2B7F-F6FA-4E66-805D-2B93A4235A10}.Debug|Any CPU.ActiveCfg = Debug|Any CPU
		{FA7A2B7F-F6FA-4E66-805D-2B93A4235A10}.Debug|Any CPU.Build.0 = Debug|Any CPU
		{FA7A2B7F-F6FA-4E66-805D-2B93A4235A10}.Release|Any CPU.ActiveCfg = Release|Any CPU
		{FA7A2B7F-F6FA-4E66-805D-2B93A4235A10}.Release|Any CPU.Build.0 = Release|Any CPU
		{498AAC79-8764-4061-9F0E-1A9E6DBD0030}.Debug|Any CPU.ActiveCfg = Debug|Any CPU
		{498AAC79-8764-4061-9F0E-1A9E6DBD0030}.Debug|Any CPU.Build.0 = Debug|Any CPU
		{498AAC79-8764-4061-9F0E-1A9E6DBD0030}.Release|Any CPU.ActiveCfg = Release|Any CPU
		{498AAC79-8764-4061-9F0E-1A9E6DBD0030}.Release|Any CPU.Build.0 = Release|Any CPU
		{B224EA84-2E18-4D59-A369-23D5169367EE}.Debug|Any CPU.ActiveCfg = Debug|Any CPU
		{B224EA84-2E18-4D59-A369-23D5169367EE}.Debug|Any CPU.Build.0 = Debug|Any CPU
		{B224EA84-2E18-4D59-A369-23D5169367EE}.Release|Any CPU.ActiveCfg = Release|Any CPU
		{B224EA84-2E18-4D59-A369-23D5169367EE}.Release|Any CPU.Build.0 = Release|Any CPU
	EndGlobalSection
	GlobalSection(SolutionProperties) = preSolution
		HideSolutionNode = FALSE
	EndGlobalSection
	GlobalSection(NestedProjects) = preSolution
		{98019A54-EC55-44A6-A535-BCB3EA6B0A78} = {6581D4E0-319E-4EFB-AB3D-A1AF4CA09327}
		{C6A67A51-DAE9-4758-8C51-9431F3506959} = {E5D7D772-26FC-440C-BC2C-0842209B4902}
		{9E791279-C698-470F-A8D6-36289BC9F685} = {6581D4E0-319E-4EFB-AB3D-A1AF4CA09327}
		{1E9DE730-DAF4-4C09-B2CD-34E8A880C7F7} = {6581D4E0-319E-4EFB-AB3D-A1AF4CA09327}
		{4722DB67-3D72-4B6B-BBE6-80CD356BBDA0} = {E5D7D772-26FC-440C-BC2C-0842209B4902}
		{881D631F-A117-410C-AC89-8A3788A10591} = {6581D4E0-319E-4EFB-AB3D-A1AF4CA09327}
		{7DC851F1-31F8-47FD-AD10-C24EAC772A11} = {6581D4E0-319E-4EFB-AB3D-A1AF4CA09327}
		{93F12324-95E6-4407-9F94-42F097C9A8D5} = {E5D7D772-26FC-440C-BC2C-0842209B4902}
		{2E6D2464-B31B-4041-A0E9-33209C7B76BF} = {7AA0956D-5929-4B12-9D07-970EB5BEA207}
		{614858B8-2981-4C30-94DA-B128F680DD1F} = {6581D4E0-319E-4EFB-AB3D-A1AF4CA09327}
		{9373B311-99B6-4FEA-9DC0-7C19F327D7C3} = {E5D7D772-26FC-440C-BC2C-0842209B4902}
		{325E547F-20E3-4ADF-A6AF-B5DB2E93FA47} = {E5D7D772-26FC-440C-BC2C-0842209B4902}
		{7AA0956D-5929-4B12-9D07-970EB5BEA207} = {6581D4E0-319E-4EFB-AB3D-A1AF4CA09327}
		{EFCB5BD2-400C-42DF-BCE9-5DBF5B636046} = {7AA0956D-5929-4B12-9D07-970EB5BEA207}
		{169A0D2E-EEB1-4C84-B11D-BB3CAF23E758} = {E5D7D772-26FC-440C-BC2C-0842209B4902}
		{B3C2B9DA-FE58-478E-BEA9-2B1269BCDBE1} = {687DD54E-6D20-49E7-A9A6-6B8B62DE5F15}
		{A2112746-A061-4606-94D6-65E25DFFDA45} = {169A0D2E-EEB1-4C84-B11D-BB3CAF23E758}
		{F4B5941B-E74E-4AA3-B56C-D86C9B7A3798} = {687DD54E-6D20-49E7-A9A6-6B8B62DE5F15}
		{1AF1BA38-D7F7-4DAC-95D2-97E0D25B3A3C} = {E5D7D772-26FC-440C-BC2C-0842209B4902}
		{461E336A-E028-4AA8-8EC7-818C4F50D4B1} = {02EA681E-C7D8-13C7-8484-4AC65E1B71E8}
		{30676A91-8294-4E0B-8E8D-F3A65924AD3D} = {02EA681E-C7D8-13C7-8484-4AC65E1B71E8}
		{687DD54E-6D20-49E7-A9A6-6B8B62DE5F15} = {6581D4E0-319E-4EFB-AB3D-A1AF4CA09327}
		{E7D05C46-0C91-48D8-9884-3AC5014FBCD7} = {02EA681E-C7D8-13C7-8484-4AC65E1B71E8}
		{6DE04CA5-D711-4A77-A1DC-CD1784CEA8F2} = {02EA681E-C7D8-13C7-8484-4AC65E1B71E8}
		{02EA681E-C7D8-13C7-8484-4AC65E1B71E8} = {6581D4E0-319E-4EFB-AB3D-A1AF4CA09327}
		{A0284C92-2161-402E-9AAB-2F73F78751B0} = {7AA0956D-5929-4B12-9D07-970EB5BEA207}
		{07A45660-2DCE-42E5-82C6-6DA7221082E6} = {7AA0956D-5929-4B12-9D07-970EB5BEA207}
		{8D4E02A7-CF0A-416D-9ECF-485F84B28685} = {E176B476-0553-4840-B6B6-1C53F84F62EB}
		{E176B476-0553-4840-B6B6-1C53F84F62EB} = {6581D4E0-319E-4EFB-AB3D-A1AF4CA09327}
		{A039D874-2A53-49E7-8D87-EB3D8EA7D52D} = {E176B476-0553-4840-B6B6-1C53F84F62EB}
		{9C6547D5-649B-41FE-B44F-11358D3C8D3D} = {E176B476-0553-4840-B6B6-1C53F84F62EB}
		{8216494A-0364-4AA4-834E-A7E635271DD1} = {E176B476-0553-4840-B6B6-1C53F84F62EB}
		{00C85C0F-89D2-4D0B-B93D-C172A3CEE3C2} = {6581D4E0-319E-4EFB-AB3D-A1AF4CA09327}
		{D8CB71D7-F0A1-48D2-9E7E-493D0C0DF79B} = {00C85C0F-89D2-4D0B-B93D-C172A3CEE3C2}
		{F00791D1-9B57-4190-B360-D0DF67695D47} = {00C85C0F-89D2-4D0B-B93D-C172A3CEE3C2}
		{4D9D4E93-3A3B-426A-B059-63AE5DD462F5} = {00C85C0F-89D2-4D0B-B93D-C172A3CEE3C2}
		{C534570F-C1F9-4BCE-97F9-2F817BCC6394} = {00C85C0F-89D2-4D0B-B93D-C172A3CEE3C2}
		{FA7A2B7F-F6FA-4E66-805D-2B93A4235A10} = {7AA0956D-5929-4B12-9D07-970EB5BEA207}
		{498AAC79-8764-4061-9F0E-1A9E6DBD0030} = {169A0D2E-EEB1-4C84-B11D-BB3CAF23E758}
		{B224EA84-2E18-4D59-A369-23D5169367EE} = {687DD54E-6D20-49E7-A9A6-6B8B62DE5F15}
	EndGlobalSection
	GlobalSection(ExtensibilityGlobals) = postSolution
		SolutionGuid = {A1B9B33B-174C-4543-8F55-9B7AD3D746C2}
	EndGlobalSection
EndGlobal
