
Microsoft Visual Studio Solution File, Format Version 12.00
# Visual Studio Version 17
VisualStudioVersion = 17.12.35527.113
MinimumVisualStudioVersion = 10.0.40219.1
Project("{2150E333-8FDC-42A3-9474-1A3956D46DE8}") = "common", "common", "{8D5C72AC-7FD0-4F85-B0A3-473DD7FB89E1}"
	ProjectSection(SolutionItems) = preProject
		.editorconfig = .editorconfig
		BACKLOG.md = BACKLOG.md
		README.md = README.md
	EndProjectSection
EndProject
Project("{2150E333-8FDC-42A3-9474-1A3956D46DE8}") = "src", "src", "{6581D4E0-319E-4EFB-AB3D-A1AF4CA09327}"
EndProject
Project("{2150E333-8FDC-42A3-9474-1A3956D46DE8}") = "tests", "tests", "{E5D7D772-26FC-440C-BC2C-0842209B4902}"
EndProject
Project("{FAE04EC0-301F-11D3-BF4B-00C04F79EFBC}") = "Vertr.Adapters.Tinvest", "src\Vertr.Adapters.Tinvest\Vertr.Adapters.Tinvest.csproj", "{98019A54-EC55-44A6-A535-BCB3EA6B0A78}"
EndProject
Project("{FAE04EC0-301F-11D3-BF4B-00C04F79EFBC}") = "Vertr.Adapters.Tinvest.Tests", "tests\Vertr.Adapters.Tinvest.Tests\Vertr.Adapters.Tinvest.Tests.csproj", "{C6A67A51-DAE9-4758-8C51-9431F3506959}"
EndProject
Global
	GlobalSection(SolutionConfigurationPlatforms) = preSolution
		Debug|Any CPU = Debug|Any CPU
		Release|Any CPU = Release|Any CPU
	EndGlobalSection
	GlobalSection(ProjectConfigurationPlatforms) = postSolution
		{98019A54-EC55-44A6-A535-BCB3EA6B0A78}.Debug|Any CPU.ActiveCfg = Debug|Any CPU
		{98019A54-EC55-44A6-A535-BCB3EA6B0A78}.Debug|Any CPU.Build.0 = Debug|Any CPU
		{98019A54-EC55-44A6-A535-BCB3EA6B0A78}.Release|Any CPU.ActiveCfg = Release|Any CPU
		{98019A54-EC55-44A6-A535-BCB3EA6B0A78}.Release|Any CPU.Build.0 = Release|Any CPU
		{C6A67A51-DAE9-4758-8C51-9431F3506959}.Debug|Any CPU.ActiveCfg = Debug|Any CPU
		{C6A67A51-DAE9-4758-8C51-9431F3506959}.Debug|Any CPU.Build.0 = Debug|Any CPU
		{C6A67A51-DAE9-4758-8C51-9431F3506959}.Release|Any CPU.ActiveCfg = Release|Any CPU
		{C6A67A51-DAE9-4758-8C51-9431F3506959}.Release|Any CPU.Build.0 = Release|Any CPU
	EndGlobalSection
	GlobalSection(SolutionProperties) = preSolution
		HideSolutionNode = FALSE
	EndGlobalSection
	GlobalSection(NestedProjects) = preSolution
		{98019A54-EC55-44A6-A535-BCB3EA6B0A78} = {6581D4E0-319E-4EFB-AB3D-A1AF4CA09327}
		{C6A67A51-DAE9-4758-8C51-9431F3506959} = {E5D7D772-26FC-440C-BC2C-0842209B4902}
	EndGlobalSection
EndGlobal
